{
  "pins" : [
    {
      "identity" : "alamofire",
      "kind" : "remoteSourceControl",
      "location" : "https://github.com/Alamofire/Alamofire.git",
      "state" : {
        "revision" : "bc268c28fb170f494de9e9927c371b8342979ece",
        "version" : "5.7.1"
      }
    },
    {
      "identity" : "alamofireimage",
      "kind" : "remoteSourceControl",
      "location" : "https://github.com/Alamofire/AlamofireImage.git",
      "state" : {
        "branch" : "master",
        "revision" : "8f4d7a73d657f61309722133e57dd7ed502ee392"
      }
    },
    {
      "identity" : "cache",
      "kind" : "remoteSourceControl",
      "location" : "https://github.com/hyperoslo/Cache.git",
      "state" : {
        "revision" : "c7f4d633049c3bd649a353bad36f6c17e9df085f",
        "version" : "6.0.0"
      }
    },
    {
      "identity" : "kenmore-datastores",
      "kind" : "remoteSourceControl",
      "location" : "git@github.com:curiousurick/Kenmore-DataStores.git",
      "state" : {
        "branch" : "main",
        "revision" : "a2090f56bd738223700c4b7ab3686d29b5a9d566"
      }
    },
    {
      "identity" : "kenmore-models",
      "kind" : "remoteSourceControl",
      "location" : "git@github.com:curiousurick/Kenmore-Models.git",
      "state" : {
        "branch" : "main",
        "revision" : "5afe7670b5a9562c9eb121766e982777365e6dde"
      }
    },
    {
      "identity" : "kenmore-utilities",
      "kind" : "remoteSourceControl",
      "location" : "git@github.com:curiousurick/Kenmore-Utilities.git",
      "state" : {
        "branch" : "main",
        "revision" : "b67cabc33015655c9615e3b89868c3d9d9060c87"
      }
    },
    {
      "identity" : "mocker",
      "kind" : "remoteSourceControl",
      "location" : "https://github.com/WeTransfer/Mocker.git",
      "state" : {
        "revision" : "4384e015cae4916a6828252467a4437173c7ae17",
        "version" : "3.0.1"
      }
    },
    {
      "identity" : "swift-log",
      "kind" : "remoteSourceControl",
      "location" : "https://github.com/apple/swift-log.git",
      "state" : {
        "revision" : "32e8d724467f8fe623624570367e3d50c5638e46",
        "version" : "1.5.2"
      }
    },
    {
      "identity" : "uickeychainstore",
      "kind" : "remoteSourceControl",
      "location" : "https://github.com/kishikawakatsumi/UICKeyChainStore.git",
      "state" : {
        "branch" : "master",
        "revision" : "db869212bc69b6198a62efe03e2f5fc8e19c6b65"
      }
    }
  ],
  "version" : 2
}
