// !$*UTF8*$!
{
	archiveVersion = 1;
	classes = {
	};
	objectVersion = 56;
	objects = {

/* Begin PBXBuildFile section */
		5E08F45D29DE9737003C3694 /* OperationStrategyTestBase.swift in Sources */ = {isa = PBXBuildFile; fileRef = 5E08F45C29DE9737003C3694 /* OperationStrategyTestBase.swift */; };
		5E08F45F29DE9AFC003C3694 /* ContentVideoOperationStrategyTest.swift in Sources */ = {isa = PBXBuildFile; fileRef = 5E08F45E29DE9AFC003C3694 /* ContentVideoOperationStrategyTest.swift */; };
		5E08F46129DE9C11003C3694 /* CreatorListOperationStrategyTest.swift in Sources */ = {isa = PBXBuildFile; fileRef = 5E08F46029DE9C11003C3694 /* CreatorListOperationStrategyTest.swift */; };
		5E08F46329DE9EA4003C3694 /* FloatplaneEncoder.swift in Sources */ = {isa = PBXBuildFile; fileRef = 5E08F46229DE9EA4003C3694 /* FloatplaneEncoder.swift */; };
		5E08F46529DE9F7D003C3694 /* SubscriptionOperationStrategyTest.swift in Sources */ = {isa = PBXBuildFile; fileRef = 5E08F46429DE9F7D003C3694 /* SubscriptionOperationStrategyTest.swift */; };
		5E08F46729DEA360003C3694 /* SearchOperationStrategyTest.swift in Sources */ = {isa = PBXBuildFile; fileRef = 5E08F46629DEA360003C3694 /* SearchOperationStrategyTest.swift */; };
		5E08F46929DEABA2003C3694 /* ContentFeedOperationStrategyTest.swift in Sources */ = {isa = PBXBuildFile; fileRef = 5E08F46829DEABA2003C3694 /* ContentFeedOperationStrategyTest.swift */; };
		5E08F46C29E06F04003C3694 /* VodDeliveryKeyOperationStrategyTest.swift in Sources */ = {isa = PBXBuildFile; fileRef = 5E08F46B29E06F04003C3694 /* VodDeliveryKeyOperationStrategyTest.swift */; };
		5E08F47829E07CF3003C3694 /* LiveDeliveryKeyOperationStrategyTest.swift in Sources */ = {isa = PBXBuildFile; fileRef = 5E08F47729E07CF3003C3694 /* LiveDeliveryKeyOperationStrategyTest.swift */; };
		5E08F47A29E07D70003C3694 /* LoginOperationStrategyTest.swift in Sources */ = {isa = PBXBuildFile; fileRef = 5E08F47929E07D70003C3694 /* LoginOperationStrategyTest.swift */; };
		5E08F47C29E08BDD003C3694 /* LogoutOperationStrategyTest.swift in Sources */ = {isa = PBXBuildFile; fileRef = 5E08F47B29E08BDD003C3694 /* LogoutOperationStrategyTest.swift */; };
		5E08F47E29E08E7C003C3694 /* MockUserStore.swift in Sources */ = {isa = PBXBuildFile; fileRef = 5E08F47D29E08E7C003C3694 /* MockUserStore.swift */; };
		5E08F48029E09119003C3694 /* MockOperationManager.swift in Sources */ = {isa = PBXBuildFile; fileRef = 5E08F47F29E09119003C3694 /* MockOperationManager.swift */; };
		5E08F48229E092C1003C3694 /* MockVideoOperation.swift in Sources */ = {isa = PBXBuildFile; fileRef = 5E08F48129E092C1003C3694 /* MockVideoOperation.swift */; };
		5E08F48429E0936C003C3694 /* MockGetFirstPageOperation.swift in Sources */ = {isa = PBXBuildFile; fileRef = 5E08F48329E0936C003C3694 /* MockGetFirstPageOperation.swift */; };
		5E08F48629E0952E003C3694 /* MockURLCache.swift in Sources */ = {isa = PBXBuildFile; fileRef = 5E08F48529E0952E003C3694 /* MockURLCache.swift */; };
		5E08F48929E09677003C3694 /* OperationManagerTest.swift in Sources */ = {isa = PBXBuildFile; fileRef = 5E08F48829E09677003C3694 /* OperationManagerTest.swift */; };
		5E08F48E29E097E9003C3694 /* MockStrategyBasedOperation.swift in Sources */ = {isa = PBXBuildFile; fileRef = 5E08F48D29E097E9003C3694 /* MockStrategyBasedOperation.swift */; };
		5E08F49029E12FBC003C3694 /* AppCleaner.swift in Sources */ = {isa = PBXBuildFile; fileRef = 5E08F48F29E12FBC003C3694 /* AppCleaner.swift */; };
		5E08F49329E13282003C3694 /* AppCleanerTest.swift in Sources */ = {isa = PBXBuildFile; fileRef = 5E08F49229E13282003C3694 /* AppCleanerTest.swift */; };
		5E1FD70129DA904E0015AE6F /* ImageCacheConfig.swift in Sources */ = {isa = PBXBuildFile; fileRef = 5E1FD70029DA904E0015AE6F /* ImageCacheConfig.swift */; };
		5E1FD72029DB35AD0015AE6F /* ImageCacheConfigTest.swift in Sources */ = {isa = PBXBuildFile; fileRef = 5E1FD71F29DB35AD0015AE6F /* ImageCacheConfigTest.swift */; };
		5E1FD73029DB38390015AE6F /* ImageGrabberTest.swift in Sources */ = {isa = PBXBuildFile; fileRef = 5E1FD72F29DB38390015AE6F /* ImageGrabberTest.swift */; };
		5E1FD73729DC89550015AE6F /* Operation.swift in Sources */ = {isa = PBXBuildFile; fileRef = 5E1FD73629DC89550015AE6F /* Operation.swift */; };
		5E1FD73929DCFDDE0015AE6F /* OperationStrategy.swift in Sources */ = {isa = PBXBuildFile; fileRef = 5E1FD73829DCFDDE0015AE6F /* OperationStrategy.swift */; };
		5E1FD73B29DCFEAE0015AE6F /* StrategyBasedOperation.swift in Sources */ = {isa = PBXBuildFile; fileRef = 5E1FD73A29DCFEAE0015AE6F /* StrategyBasedOperation.swift */; };
		5E1FD73D29DCFFB10015AE6F /* CacheableStrategyBasedOperation.swift in Sources */ = {isa = PBXBuildFile; fileRef = 5E1FD73C29DCFFB10015AE6F /* CacheableStrategyBasedOperation.swift */; };
		5E1FD75729DDD4190015AE6F /* MockInternalOperationStrategy.swift in Sources */ = {isa = PBXBuildFile; fileRef = 5E1FD75629DDD4190015AE6F /* MockInternalOperationStrategy.swift */; };
		5E1FD75A29DDD6780015AE6F /* GetFirstPageOperationTest.swift in Sources */ = {isa = PBXBuildFile; fileRef = 5E1FD75929DDD6780015AE6F /* GetFirstPageOperationTest.swift */; };
		5E1FD75C29DDD6C50015AE6F /* MockCacheableStrategyBasedOperation.swift in Sources */ = {isa = PBXBuildFile; fileRef = 5E1FD75B29DDD6C50015AE6F /* MockCacheableStrategyBasedOperation.swift */; };
		5E1FD75E29DDD8E30015AE6F /* TestModelSupplier.swift in Sources */ = {isa = PBXBuildFile; fileRef = 5E1FD75D29DDD8E30015AE6F /* TestModelSupplier.swift */; };
		5E1FD76329DE85160015AE6F /* VideoMetadataOperationStrategyTest.swift in Sources */ = {isa = PBXBuildFile; fileRef = 5E1FD76229DE85160015AE6F /* VideoMetadataOperationStrategyTest.swift */; };
		5E1FD77229DE902D0015AE6F /* CreatorOperationStrategyTest.swift in Sources */ = {isa = PBXBuildFile; fileRef = 5E1FD77129DE902D0015AE6F /* CreatorOperationStrategyTest.swift */; };
		5E1FD77529DE914B0015AE6F /* SessionFactory.swift in Sources */ = {isa = PBXBuildFile; fileRef = 5E1FD77429DE914B0015AE6F /* SessionFactory.swift */; };
		5E389B3529D8B29900FC8B4B /* FloatplaneApp_Operations.framework in Frameworks */ = {isa = PBXBuildFile; fileRef = 5E389B2A29D8B29800FC8B4B /* FloatplaneApp_Operations.framework */; };
		5E389B7029D8B34B00FC8B4B /* CreatorOperationStrategy.swift in Sources */ = {isa = PBXBuildFile; fileRef = 5E389B5629D8B34B00FC8B4B /* CreatorOperationStrategy.swift */; };
		5E389B7129D8B34B00FC8B4B /* VodDeliveryKeyOperationStrategy.swift in Sources */ = {isa = PBXBuildFile; fileRef = 5E389B5829D8B34B00FC8B4B /* VodDeliveryKeyOperationStrategy.swift */; };
		5E389B7229D8B34B00FC8B4B /* LiveDeliveryKeyOperationStrategy.swift in Sources */ = {isa = PBXBuildFile; fileRef = 5E389B5929D8B34B00FC8B4B /* LiveDeliveryKeyOperationStrategy.swift */; };
		5E389B7329D8B34B00FC8B4B /* VideoMetadataOperation.swift in Sources */ = {isa = PBXBuildFile; fileRef = 5E389B5B29D8B34B00FC8B4B /* VideoMetadataOperation.swift */; };
		5E389B7429D8B34B00FC8B4B /* ContentVideoOperationStrategy.swift in Sources */ = {isa = PBXBuildFile; fileRef = 5E389B5C29D8B34B00FC8B4B /* ContentVideoOperationStrategy.swift */; };
		5E389B7529D8B34B00FC8B4B /* CreatorListOperationStrategy.swift in Sources */ = {isa = PBXBuildFile; fileRef = 5E389B5E29D8B34B00FC8B4B /* CreatorListOperationStrategy.swift */; };
		5E389B7629D8B34B00FC8B4B /* OperationManager.swift in Sources */ = {isa = PBXBuildFile; fileRef = 5E389B6029D8B34B00FC8B4B /* OperationManager.swift */; };
		5E389B7829D8B34B00FC8B4B /* SubscriptionOperationStrategy.swift in Sources */ = {isa = PBXBuildFile; fileRef = 5E389B6329D8B34B00FC8B4B /* SubscriptionOperationStrategy.swift */; };
		5E389B7929D8B34B00FC8B4B /* SearchOperationStrategy.swift in Sources */ = {isa = PBXBuildFile; fileRef = 5E389B6529D8B34B00FC8B4B /* SearchOperationStrategy.swift */; };
		5E389B7D29D8B34B00FC8B4B /* ContentFeedOperationStrategy.swift in Sources */ = {isa = PBXBuildFile; fileRef = 5E389B6B29D8B34B00FC8B4B /* ContentFeedOperationStrategy.swift */; };
		5E389B7E29D8B34B00FC8B4B /* LoginOperationStrategy.swift in Sources */ = {isa = PBXBuildFile; fileRef = 5E389B6D29D8B34B00FC8B4B /* LoginOperationStrategy.swift */; };
		5E389B7F29D8B34B00FC8B4B /* LogoutOperationStrategy.swift in Sources */ = {isa = PBXBuildFile; fileRef = 5E389B6E29D8B34B00FC8B4B /* LogoutOperationStrategy.swift */; };
		5E389B8F29D8B42600FC8B4B /* Alamofire in Frameworks */ = {isa = PBXBuildFile; productRef = 5E389B8E29D8B42600FC8B4B /* Alamofire */; };
		5E389B9229D8B43A00FC8B4B /* ImageGrabber.swift in Sources */ = {isa = PBXBuildFile; fileRef = 5E389B9129D8B43A00FC8B4B /* ImageGrabber.swift */; };
		5E389B9529D8B45700FC8B4B /* AlamofireImage in Frameworks */ = {isa = PBXBuildFile; productRef = 5E389B9429D8B45700FC8B4B /* AlamofireImage */; };
		5E389BFE29D8B63B00FC8B4B /* FloatplaneApp_Operations.docc in Resources */ = {isa = PBXBuildFile; fileRef = 5E389B2E29D8B29800FC8B4B /* FloatplaneApp_Operations.docc */; };
		5E389C4529D8BA1D00FC8B4B /* Cache in Frameworks */ = {isa = PBXBuildFile; productRef = 5E389C4429D8BA1D00FC8B4B /* Cache */; };
		5E389C4D29D8BE0D00FC8B4B /* OperationConstants.swift in Sources */ = {isa = PBXBuildFile; fileRef = 5E389C4C29D8BE0D00FC8B4B /* OperationConstants.swift */; };
		5E389C5129D8C01D00FC8B4B /* FloatplaneDecoder.swift in Sources */ = {isa = PBXBuildFile; fileRef = 5E389C4E29D8BF3E00FC8B4B /* FloatplaneDecoder.swift */; };
		5E3FC09629DE940500A5E16B /* Mocker in Frameworks */ = {isa = PBXBuildFile; productRef = 5E3FC09529DE940500A5E16B /* Mocker */; };
		5E4CE96929DA0B7F0029110E /* GetFirstPageOperation.swift in Sources */ = {isa = PBXBuildFile; fileRef = 5E4CE96829DA0B7F0029110E /* GetFirstPageOperation.swift */; };
		5E51553729EE70D8009B68EA /* FloatplaneApp-Utilities in Frameworks */ = {isa = PBXBuildFile; productRef = 5E51553629EE70D8009B68EA /* FloatplaneApp-Utilities */; };
		5E51553A29EE70E2009B68EA /* FloatplaneApp-Models in Frameworks */ = {isa = PBXBuildFile; productRef = 5E51553929EE70E2009B68EA /* FloatplaneApp-Models */; };
		5E51553D29EE70EE009B68EA /* FloatplaneApp-DataStores in Frameworks */ = {isa = PBXBuildFile; productRef = 5E51553C29EE70EE009B68EA /* FloatplaneApp-DataStores */; };
		5E51557629EE781D009B68EA /* swiftformat.sh in Resources */ = {isa = PBXBuildFile; fileRef = 5E51557329EE781D009B68EA /* swiftformat.sh */; };
		5E51557729EE781D009B68EA /* xcodebuilds.sh in Resources */ = {isa = PBXBuildFile; fileRef = 5E51557429EE781D009B68EA /* xcodebuilds.sh */; };
		5E51557829EE781D009B68EA /* build.sh in Resources */ = {isa = PBXBuildFile; fileRef = 5E51557529EE781D009B68EA /* build.sh */; };
		5E51557A29EE7821009B68EA /* README.md in Resources */ = {isa = PBXBuildFile; fileRef = 5E51557929EE7821009B68EA /* README.md */; };
		5E51557C29EE782E009B68EA /* codecoverage.yml in Resources */ = {isa = PBXBuildFile; fileRef = 5E51557B29EE782E009B68EA /* codecoverage.yml */; };
		5E56E74229E1386F0098B302 /* StrategyBasedOperationTest.swift in Sources */ = {isa = PBXBuildFile; fileRef = 5E56E74129E1386F0098B302 /* StrategyBasedOperationTest.swift */; };
		5E56E74429E13AEC0098B302 /* CacheableStrategyBasedOperationTest.swift in Sources */ = {isa = PBXBuildFile; fileRef = 5E56E74329E13AEC0098B302 /* CacheableStrategyBasedOperationTest.swift */; };
		5E56E74629E140470098B302 /* MockDiskStorageWrapper.swift in Sources */ = {isa = PBXBuildFile; fileRef = 5E56E74529E140470098B302 /* MockDiskStorageWrapper.swift */; };
		5E56E74C29E142C90098B302 /* Cache in Frameworks */ = {isa = PBXBuildFile; productRef = 5E56E74B29E142C90098B302 /* Cache */; };
		5E56E74F29E148FF0098B302 /* FloatplaneDecoderTest.swift in Sources */ = {isa = PBXBuildFile; fileRef = 5E56E74E29E148FF0098B302 /* FloatplaneDecoderTest.swift */; };
		5E56E75129E14A360098B302 /* FloatplaneEncoderTest.swift in Sources */ = {isa = PBXBuildFile; fileRef = 5E56E75029E14A360098B302 /* FloatplaneEncoderTest.swift */; };
		5EFD929929D90D30007E8374 /* AVKit.framework in Frameworks */ = {isa = PBXBuildFile; fileRef = 5EFD929829D90D2F007E8374 /* AVKit.framework */; };
/* End PBXBuildFile section */

/* Begin PBXContainerItemProxy section */
		5E389B3629D8B29900FC8B4B /* PBXContainerItemProxy */ = {
			isa = PBXContainerItemProxy;
			containerPortal = 5E389B2129D8B29800FC8B4B /* Project object */;
			proxyType = 1;
			remoteGlobalIDString = 5E389B2929D8B29800FC8B4B;
			remoteInfo = "FloatplaneApp-Operations";
		};
/* End PBXContainerItemProxy section */

/* Begin PBXFileReference section */
		5E08F45C29DE9737003C3694 /* OperationStrategyTestBase.swift */ = {isa = PBXFileReference; lastKnownFileType = sourcecode.swift; path = OperationStrategyTestBase.swift; sourceTree = "<group>"; };
		5E08F45E29DE9AFC003C3694 /* ContentVideoOperationStrategyTest.swift */ = {isa = PBXFileReference; lastKnownFileType = sourcecode.swift; path = ContentVideoOperationStrategyTest.swift; sourceTree = "<group>"; };
		5E08F46029DE9C11003C3694 /* CreatorListOperationStrategyTest.swift */ = {isa = PBXFileReference; lastKnownFileType = sourcecode.swift; path = CreatorListOperationStrategyTest.swift; sourceTree = "<group>"; };
		5E08F46229DE9EA4003C3694 /* FloatplaneEncoder.swift */ = {isa = PBXFileReference; lastKnownFileType = sourcecode.swift; path = FloatplaneEncoder.swift; sourceTree = "<group>"; };
		5E08F46429DE9F7D003C3694 /* SubscriptionOperationStrategyTest.swift */ = {isa = PBXFileReference; lastKnownFileType = sourcecode.swift; path = SubscriptionOperationStrategyTest.swift; sourceTree = "<group>"; };
		5E08F46629DEA360003C3694 /* SearchOperationStrategyTest.swift */ = {isa = PBXFileReference; lastKnownFileType = sourcecode.swift; path = SearchOperationStrategyTest.swift; sourceTree = "<group>"; };
		5E08F46829DEABA2003C3694 /* ContentFeedOperationStrategyTest.swift */ = {isa = PBXFileReference; lastKnownFileType = sourcecode.swift; path = ContentFeedOperationStrategyTest.swift; sourceTree = "<group>"; };
		5E08F46B29E06F04003C3694 /* VodDeliveryKeyOperationStrategyTest.swift */ = {isa = PBXFileReference; lastKnownFileType = sourcecode.swift; path = VodDeliveryKeyOperationStrategyTest.swift; sourceTree = "<group>"; };
		5E08F47729E07CF3003C3694 /* LiveDeliveryKeyOperationStrategyTest.swift */ = {isa = PBXFileReference; lastKnownFileType = sourcecode.swift; path = LiveDeliveryKeyOperationStrategyTest.swift; sourceTree = "<group>"; };
		5E08F47929E07D70003C3694 /* LoginOperationStrategyTest.swift */ = {isa = PBXFileReference; lastKnownFileType = sourcecode.swift; path = LoginOperationStrategyTest.swift; sourceTree = "<group>"; };
		5E08F47B29E08BDD003C3694 /* LogoutOperationStrategyTest.swift */ = {isa = PBXFileReference; lastKnownFileType = sourcecode.swift; path = LogoutOperationStrategyTest.swift; sourceTree = "<group>"; };
		5E08F47D29E08E7C003C3694 /* MockUserStore.swift */ = {isa = PBXFileReference; lastKnownFileType = sourcecode.swift; path = MockUserStore.swift; sourceTree = "<group>"; };
		5E08F47F29E09119003C3694 /* MockOperationManager.swift */ = {isa = PBXFileReference; lastKnownFileType = sourcecode.swift; path = MockOperationManager.swift; sourceTree = "<group>"; };
		5E08F48129E092C1003C3694 /* MockVideoOperation.swift */ = {isa = PBXFileReference; lastKnownFileType = sourcecode.swift; path = MockVideoOperation.swift; sourceTree = "<group>"; };
		5E08F48329E0936C003C3694 /* MockGetFirstPageOperation.swift */ = {isa = PBXFileReference; lastKnownFileType = sourcecode.swift; path = MockGetFirstPageOperation.swift; sourceTree = "<group>"; };
		5E08F48529E0952E003C3694 /* MockURLCache.swift */ = {isa = PBXFileReference; lastKnownFileType = sourcecode.swift; path = MockURLCache.swift; sourceTree = "<group>"; };
		5E08F48829E09677003C3694 /* OperationManagerTest.swift */ = {isa = PBXFileReference; lastKnownFileType = sourcecode.swift; path = OperationManagerTest.swift; sourceTree = "<group>"; };
		5E08F48D29E097E9003C3694 /* MockStrategyBasedOperation.swift */ = {isa = PBXFileReference; lastKnownFileType = sourcecode.swift; path = MockStrategyBasedOperation.swift; sourceTree = "<group>"; };
		5E08F48F29E12FBC003C3694 /* AppCleaner.swift */ = {isa = PBXFileReference; lastKnownFileType = sourcecode.swift; path = AppCleaner.swift; sourceTree = "<group>"; };
		5E08F49229E13282003C3694 /* AppCleanerTest.swift */ = {isa = PBXFileReference; lastKnownFileType = sourcecode.swift; path = AppCleanerTest.swift; sourceTree = "<group>"; };
		5E1FD6FA29DA8FDB0015AE6F /* FloatplaneApp_DataStores.framework */ = {isa = PBXFileReference; explicitFileType = wrapper.framework; path = FloatplaneApp_DataStores.framework; sourceTree = BUILT_PRODUCTS_DIR; };
		5E1FD6FC29DA8FEC0015AE6F /* FloatplaneApp_DataStores.framework */ = {isa = PBXFileReference; explicitFileType = wrapper.framework; path = FloatplaneApp_DataStores.framework; sourceTree = BUILT_PRODUCTS_DIR; };
		5E1FD70029DA904E0015AE6F /* ImageCacheConfig.swift */ = {isa = PBXFileReference; lastKnownFileType = sourcecode.swift; path = ImageCacheConfig.swift; sourceTree = "<group>"; };
		5E1FD71F29DB35AD0015AE6F /* ImageCacheConfigTest.swift */ = {isa = PBXFileReference; lastKnownFileType = sourcecode.swift; path = ImageCacheConfigTest.swift; sourceTree = "<group>"; };
		5E1FD72F29DB38390015AE6F /* ImageGrabberTest.swift */ = {isa = PBXFileReference; lastKnownFileType = sourcecode.swift; path = ImageGrabberTest.swift; sourceTree = "<group>"; };
		5E1FD73629DC89550015AE6F /* Operation.swift */ = {isa = PBXFileReference; lastKnownFileType = sourcecode.swift; path = Operation.swift; sourceTree = "<group>"; };
		5E1FD73829DCFDDE0015AE6F /* OperationStrategy.swift */ = {isa = PBXFileReference; lastKnownFileType = sourcecode.swift; path = OperationStrategy.swift; sourceTree = "<group>"; };
		5E1FD73A29DCFEAE0015AE6F /* StrategyBasedOperation.swift */ = {isa = PBXFileReference; lastKnownFileType = sourcecode.swift; path = StrategyBasedOperation.swift; sourceTree = "<group>"; };
		5E1FD73C29DCFFB10015AE6F /* CacheableStrategyBasedOperation.swift */ = {isa = PBXFileReference; lastKnownFileType = sourcecode.swift; path = CacheableStrategyBasedOperation.swift; sourceTree = "<group>"; };
		5E1FD75629DDD4190015AE6F /* MockInternalOperationStrategy.swift */ = {isa = PBXFileReference; lastKnownFileType = sourcecode.swift; path = MockInternalOperationStrategy.swift; sourceTree = "<group>"; };
		5E1FD75929DDD6780015AE6F /* GetFirstPageOperationTest.swift */ = {isa = PBXFileReference; lastKnownFileType = sourcecode.swift; path = GetFirstPageOperationTest.swift; sourceTree = "<group>"; };
		5E1FD75B29DDD6C50015AE6F /* MockCacheableStrategyBasedOperation.swift */ = {isa = PBXFileReference; lastKnownFileType = sourcecode.swift; path = MockCacheableStrategyBasedOperation.swift; sourceTree = "<group>"; };
		5E1FD75D29DDD8E30015AE6F /* TestModelSupplier.swift */ = {isa = PBXFileReference; lastKnownFileType = sourcecode.swift; path = TestModelSupplier.swift; sourceTree = "<group>"; };
		5E1FD76229DE85160015AE6F /* VideoMetadataOperationStrategyTest.swift */ = {isa = PBXFileReference; lastKnownFileType = sourcecode.swift; path = VideoMetadataOperationStrategyTest.swift; sourceTree = "<group>"; };
		5E1FD77129DE902D0015AE6F /* CreatorOperationStrategyTest.swift */ = {isa = PBXFileReference; lastKnownFileType = sourcecode.swift; path = CreatorOperationStrategyTest.swift; sourceTree = "<group>"; };
		5E1FD77429DE914B0015AE6F /* SessionFactory.swift */ = {isa = PBXFileReference; lastKnownFileType = sourcecode.swift; path = SessionFactory.swift; sourceTree = "<group>"; };
		5E389B2A29D8B29800FC8B4B /* FloatplaneApp_Operations.framework */ = {isa = PBXFileReference; explicitFileType = wrapper.framework; includeInIndex = 0; path = FloatplaneApp_Operations.framework; sourceTree = BUILT_PRODUCTS_DIR; };
		5E389B2E29D8B29800FC8B4B /* FloatplaneApp_Operations.docc */ = {isa = PBXFileReference; lastKnownFileType = folder.documentationcatalog; path = FloatplaneApp_Operations.docc; sourceTree = "<group>"; };
		5E389B3429D8B29900FC8B4B /* FloatplaneApp-OperationsTests.xctest */ = {isa = PBXFileReference; explicitFileType = wrapper.cfbundle; includeInIndex = 0; path = "FloatplaneApp-OperationsTests.xctest"; sourceTree = BUILT_PRODUCTS_DIR; };
		5E389B5629D8B34B00FC8B4B /* CreatorOperationStrategy.swift */ = {isa = PBXFileReference; fileEncoding = 4; lastKnownFileType = sourcecode.swift; path = CreatorOperationStrategy.swift; sourceTree = "<group>"; };
		5E389B5829D8B34B00FC8B4B /* VodDeliveryKeyOperationStrategy.swift */ = {isa = PBXFileReference; fileEncoding = 4; lastKnownFileType = sourcecode.swift; path = VodDeliveryKeyOperationStrategy.swift; sourceTree = "<group>"; };
		5E389B5929D8B34B00FC8B4B /* LiveDeliveryKeyOperationStrategy.swift */ = {isa = PBXFileReference; fileEncoding = 4; lastKnownFileType = sourcecode.swift; path = LiveDeliveryKeyOperationStrategy.swift; sourceTree = "<group>"; };
		5E389B5B29D8B34B00FC8B4B /* VideoMetadataOperation.swift */ = {isa = PBXFileReference; fileEncoding = 4; lastKnownFileType = sourcecode.swift; path = VideoMetadataOperation.swift; sourceTree = "<group>"; };
		5E389B5C29D8B34B00FC8B4B /* ContentVideoOperationStrategy.swift */ = {isa = PBXFileReference; fileEncoding = 4; lastKnownFileType = sourcecode.swift; path = ContentVideoOperationStrategy.swift; sourceTree = "<group>"; };
		5E389B5E29D8B34B00FC8B4B /* CreatorListOperationStrategy.swift */ = {isa = PBXFileReference; fileEncoding = 4; lastKnownFileType = sourcecode.swift; path = CreatorListOperationStrategy.swift; sourceTree = "<group>"; };
		5E389B6029D8B34B00FC8B4B /* OperationManager.swift */ = {isa = PBXFileReference; fileEncoding = 4; lastKnownFileType = sourcecode.swift; path = OperationManager.swift; sourceTree = "<group>"; };
		5E389B6329D8B34B00FC8B4B /* SubscriptionOperationStrategy.swift */ = {isa = PBXFileReference; fileEncoding = 4; lastKnownFileType = sourcecode.swift; path = SubscriptionOperationStrategy.swift; sourceTree = "<group>"; };
		5E389B6529D8B34B00FC8B4B /* SearchOperationStrategy.swift */ = {isa = PBXFileReference; fileEncoding = 4; lastKnownFileType = sourcecode.swift; path = SearchOperationStrategy.swift; sourceTree = "<group>"; };
		5E389B6B29D8B34B00FC8B4B /* ContentFeedOperationStrategy.swift */ = {isa = PBXFileReference; fileEncoding = 4; lastKnownFileType = sourcecode.swift; path = ContentFeedOperationStrategy.swift; sourceTree = "<group>"; };
		5E389B6D29D8B34B00FC8B4B /* LoginOperationStrategy.swift */ = {isa = PBXFileReference; fileEncoding = 4; lastKnownFileType = sourcecode.swift; path = LoginOperationStrategy.swift; sourceTree = "<group>"; };
		5E389B6E29D8B34B00FC8B4B /* LogoutOperationStrategy.swift */ = {isa = PBXFileReference; fileEncoding = 4; lastKnownFileType = sourcecode.swift; path = LogoutOperationStrategy.swift; sourceTree = "<group>"; };
		5E389B9129D8B43A00FC8B4B /* ImageGrabber.swift */ = {isa = PBXFileReference; lastKnownFileType = sourcecode.swift; path = ImageGrabber.swift; sourceTree = "<group>"; };
		5E389B9929D8B55400FC8B4B /* FloatplaneApp_Models.framework */ = {isa = PBXFileReference; explicitFileType = wrapper.framework; path = FloatplaneApp_Models.framework; sourceTree = BUILT_PRODUCTS_DIR; };
		5E389C4C29D8BE0D00FC8B4B /* OperationConstants.swift */ = {isa = PBXFileReference; lastKnownFileType = sourcecode.swift; path = OperationConstants.swift; sourceTree = "<group>"; };
		5E389C4E29D8BF3E00FC8B4B /* FloatplaneDecoder.swift */ = {isa = PBXFileReference; fileEncoding = 4; lastKnownFileType = sourcecode.swift; path = FloatplaneDecoder.swift; sourceTree = "<group>"; };
		5E4CE96829DA0B7F0029110E /* GetFirstPageOperation.swift */ = {isa = PBXFileReference; lastKnownFileType = sourcecode.swift; path = GetFirstPageOperation.swift; sourceTree = "<group>"; };
		5E51557329EE781D009B68EA /* swiftformat.sh */ = {isa = PBXFileReference; fileEncoding = 4; lastKnownFileType = text.script.sh; path = swiftformat.sh; sourceTree = "<group>"; };
		5E51557429EE781D009B68EA /* xcodebuilds.sh */ = {isa = PBXFileReference; fileEncoding = 4; lastKnownFileType = text.script.sh; path = xcodebuilds.sh; sourceTree = "<group>"; };
		5E51557529EE781D009B68EA /* build.sh */ = {isa = PBXFileReference; fileEncoding = 4; lastKnownFileType = text.script.sh; path = build.sh; sourceTree = "<group>"; };
		5E51557929EE7821009B68EA /* README.md */ = {isa = PBXFileReference; fileEncoding = 4; lastKnownFileType = net.daringfireball.markdown; path = README.md; sourceTree = SOURCE_ROOT; };
		5E51557B29EE782E009B68EA /* codecoverage.yml */ = {isa = PBXFileReference; fileEncoding = 4; lastKnownFileType = text.yaml; name = codecoverage.yml; path = .github/workflows/codecoverage.yml; sourceTree = SOURCE_ROOT; };
		5E56E74129E1386F0098B302 /* StrategyBasedOperationTest.swift */ = {isa = PBXFileReference; lastKnownFileType = sourcecode.swift; path = StrategyBasedOperationTest.swift; sourceTree = "<group>"; };
		5E56E74329E13AEC0098B302 /* CacheableStrategyBasedOperationTest.swift */ = {isa = PBXFileReference; lastKnownFileType = sourcecode.swift; path = CacheableStrategyBasedOperationTest.swift; sourceTree = "<group>"; };
		5E56E74529E140470098B302 /* MockDiskStorageWrapper.swift */ = {isa = PBXFileReference; lastKnownFileType = sourcecode.swift; path = MockDiskStorageWrapper.swift; sourceTree = "<group>"; };
		5E56E74929E142960098B302 /* FloatplaneApp_DataStores.framework */ = {isa = PBXFileReference; explicitFileType = wrapper.framework; path = FloatplaneApp_DataStores.framework; sourceTree = BUILT_PRODUCTS_DIR; };
		5E56E74E29E148FF0098B302 /* FloatplaneDecoderTest.swift */ = {isa = PBXFileReference; lastKnownFileType = sourcecode.swift; path = FloatplaneDecoderTest.swift; sourceTree = "<group>"; };
		5E56E75029E14A360098B302 /* FloatplaneEncoderTest.swift */ = {isa = PBXFileReference; lastKnownFileType = sourcecode.swift; path = FloatplaneEncoderTest.swift; sourceTree = "<group>"; };
		5EFD927F29D8C766007E8374 /* FloatplaneApp_Models.framework */ = {isa = PBXFileReference; explicitFileType = wrapper.framework; path = FloatplaneApp_Models.framework; sourceTree = BUILT_PRODUCTS_DIR; };
		5EFD928629D8C8BA007E8374 /* FloatplaneApp_Utilities.framework */ = {isa = PBXFileReference; explicitFileType = wrapper.framework; path = FloatplaneApp_Utilities.framework; sourceTree = BUILT_PRODUCTS_DIR; };
		5EFD929829D90D2F007E8374 /* AVKit.framework */ = {isa = PBXFileReference; lastKnownFileType = wrapper.framework; name = AVKit.framework; path = Platforms/AppleTVOS.platform/Developer/SDKs/AppleTVOS16.1.sdk/System/Library/Frameworks/AVKit.framework; sourceTree = DEVELOPER_DIR; };
/* End PBXFileReference section */

/* Begin PBXFrameworksBuildPhase section */
		5E389B2729D8B29800FC8B4B /* Frameworks */ = {
			isa = PBXFrameworksBuildPhase;
			buildActionMask = 2147483647;
			files = (
				5EFD929929D90D30007E8374 /* AVKit.framework in Frameworks */,
				5E389B8F29D8B42600FC8B4B /* Alamofire in Frameworks */,
				5E51553D29EE70EE009B68EA /* FloatplaneApp-DataStores in Frameworks */,
				5E51553729EE70D8009B68EA /* FloatplaneApp-Utilities in Frameworks */,
				5E389C4529D8BA1D00FC8B4B /* Cache in Frameworks */,
				5E51553A29EE70E2009B68EA /* FloatplaneApp-Models in Frameworks */,
				5E389B9529D8B45700FC8B4B /* AlamofireImage in Frameworks */,
			);
			runOnlyForDeploymentPostprocessing = 0;
		};
		5E389B3129D8B29900FC8B4B /* Frameworks */ = {
			isa = PBXFrameworksBuildPhase;
			buildActionMask = 2147483647;
			files = (
				5E56E74C29E142C90098B302 /* Cache in Frameworks */,
				5E389B3529D8B29900FC8B4B /* FloatplaneApp_Operations.framework in Frameworks */,
				5E3FC09629DE940500A5E16B /* Mocker in Frameworks */,
			);
			runOnlyForDeploymentPostprocessing = 0;
		};
/* End PBXFrameworksBuildPhase section */

/* Begin PBXGroup section */
		5E08F46A29E06EEB003C3694 /* Non-Cacheable */ = {
			isa = PBXGroup;
			children = (
				5E08F46B29E06F04003C3694 /* VodDeliveryKeyOperationStrategyTest.swift */,
				5E08F47729E07CF3003C3694 /* LiveDeliveryKeyOperationStrategyTest.swift */,
				5E08F47929E07D70003C3694 /* LoginOperationStrategyTest.swift */,
				5E08F47B29E08BDD003C3694 /* LogoutOperationStrategyTest.swift */,
			);
			path = "Non-Cacheable";
			sourceTree = "<group>";
		};
		5E08F48729E09662003C3694 /* Images */ = {
			isa = PBXGroup;
			children = (
				5E1FD71F29DB35AD0015AE6F /* ImageCacheConfigTest.swift */,
				5E1FD72F29DB38390015AE6F /* ImageGrabberTest.swift */,
			);
			path = Images;
			sourceTree = "<group>";
		};
		5E08F48A29E0978D003C3694 /* Strategies */ = {
			isa = PBXGroup;
			children = (
				5E08F45C29DE9737003C3694 /* OperationStrategyTestBase.swift */,
				5E1FD75829DDD6670015AE6F /* Compound */,
				5E1FD77029DE901D0015AE6F /* Cacheable */,
				5E08F46A29E06EEB003C3694 /* Non-Cacheable */,
			);
			path = Strategies;
			sourceTree = "<group>";
		};
		5E08F49129E13151003C3694 /* Coding */ = {
			isa = PBXGroup;
			children = (
				5E389C4E29D8BF3E00FC8B4B /* FloatplaneDecoder.swift */,
				5E08F46229DE9EA4003C3694 /* FloatplaneEncoder.swift */,
			);
			path = Coding;
			sourceTree = "<group>";
		};
		5E1FD73329DB3B910015AE6F /* Mocks */ = {
			isa = PBXGroup;
			children = (
				5E1FD75D29DDD8E30015AE6F /* TestModelSupplier.swift */,
				5E1FD75629DDD4190015AE6F /* MockInternalOperationStrategy.swift */,
				5E08F48D29E097E9003C3694 /* MockStrategyBasedOperation.swift */,
				5E1FD75B29DDD6C50015AE6F /* MockCacheableStrategyBasedOperation.swift */,
				5E08F47D29E08E7C003C3694 /* MockUserStore.swift */,
				5E08F47F29E09119003C3694 /* MockOperationManager.swift */,
				5E08F48129E092C1003C3694 /* MockVideoOperation.swift */,
				5E08F48329E0936C003C3694 /* MockGetFirstPageOperation.swift */,
				5E08F48529E0952E003C3694 /* MockURLCache.swift */,
				5E56E74529E140470098B302 /* MockDiskStorageWrapper.swift */,
			);
			path = Mocks;
			sourceTree = "<group>";
		};
		5E1FD74A29DD48D70015AE6F /* Cacheable */ = {
			isa = PBXGroup;
			children = (
				5E389B5629D8B34B00FC8B4B /* CreatorOperationStrategy.swift */,
				5E389B5C29D8B34B00FC8B4B /* ContentVideoOperationStrategy.swift */,
				5E389B5E29D8B34B00FC8B4B /* CreatorListOperationStrategy.swift */,
				5E389B6329D8B34B00FC8B4B /* SubscriptionOperationStrategy.swift */,
				5E389B6529D8B34B00FC8B4B /* SearchOperationStrategy.swift */,
				5E389B6B29D8B34B00FC8B4B /* ContentFeedOperationStrategy.swift */,
			);
			path = Cacheable;
			sourceTree = "<group>";
		};
		5E1FD74B29DD48ED0015AE6F /* Compound */ = {
			isa = PBXGroup;
			children = (
				5E4CE96829DA0B7F0029110E /* GetFirstPageOperation.swift */,
				5E389B5B29D8B34B00FC8B4B /* VideoMetadataOperation.swift */,
			);
			path = Compound;
			sourceTree = "<group>";
		};
		5E1FD74C29DD48FE0015AE6F /* Images */ = {
			isa = PBXGroup;
			children = (
				5E1FD70029DA904E0015AE6F /* ImageCacheConfig.swift */,
				5E389B9129D8B43A00FC8B4B /* ImageGrabber.swift */,
			);
			path = Images;
			sourceTree = "<group>";
		};
		5E1FD74D29DD490E0015AE6F /* Non-Cacheable */ = {
			isa = PBXGroup;
			children = (
				5E389B5829D8B34B00FC8B4B /* VodDeliveryKeyOperationStrategy.swift */,
				5E389B5929D8B34B00FC8B4B /* LiveDeliveryKeyOperationStrategy.swift */,
				5E389B6D29D8B34B00FC8B4B /* LoginOperationStrategy.swift */,
				5E389B6E29D8B34B00FC8B4B /* LogoutOperationStrategy.swift */,
			);
			path = "Non-Cacheable";
			sourceTree = "<group>";
		};
		5E1FD74E29DD492C0015AE6F /* Strategies */ = {
			isa = PBXGroup;
			children = (
				5E1FD77329DE913D0015AE6F /* Alamofire */,
				5E1FD74B29DD48ED0015AE6F /* Compound */,
				5E1FD74A29DD48D70015AE6F /* Cacheable */,
				5E1FD74D29DD490E0015AE6F /* Non-Cacheable */,
			);
			path = Strategies;
			sourceTree = "<group>";
		};
		5E1FD75829DDD6670015AE6F /* Compound */ = {
			isa = PBXGroup;
			children = (
				5E1FD75929DDD6780015AE6F /* GetFirstPageOperationTest.swift */,
				5E1FD76229DE85160015AE6F /* VideoMetadataOperationStrategyTest.swift */,
			);
			path = Compound;
			sourceTree = "<group>";
		};
		5E1FD77029DE901D0015AE6F /* Cacheable */ = {
			isa = PBXGroup;
			children = (
				5E1FD77129DE902D0015AE6F /* CreatorOperationStrategyTest.swift */,
				5E08F45E29DE9AFC003C3694 /* ContentVideoOperationStrategyTest.swift */,
				5E08F46029DE9C11003C3694 /* CreatorListOperationStrategyTest.swift */,
				5E08F46429DE9F7D003C3694 /* SubscriptionOperationStrategyTest.swift */,
				5E08F46629DEA360003C3694 /* SearchOperationStrategyTest.swift */,
				5E08F46829DEABA2003C3694 /* ContentFeedOperationStrategyTest.swift */,
			);
			path = Cacheable;
			sourceTree = "<group>";
		};
		5E1FD77329DE913D0015AE6F /* Alamofire */ = {
			isa = PBXGroup;
			children = (
				5E1FD77429DE914B0015AE6F /* SessionFactory.swift */,
			);
			path = Alamofire;
			sourceTree = "<group>";
		};
		5E389B2029D8B29800FC8B4B = {
			isa = PBXGroup;
			children = (
				5E51557229EE781D009B68EA /* scripts */,
				5E389B2C29D8B29800FC8B4B /* FloatplaneApp-Operations */,
				5E389B3829D8B29900FC8B4B /* FloatplaneApp-OperationsTests */,
				5E389B2B29D8B29800FC8B4B /* Products */,
				5E389B9829D8B55400FC8B4B /* Frameworks */,
			);
			sourceTree = "<group>";
		};
		5E389B2B29D8B29800FC8B4B /* Products */ = {
			isa = PBXGroup;
			children = (
				5E389B2A29D8B29800FC8B4B /* FloatplaneApp_Operations.framework */,
				5E389B3429D8B29900FC8B4B /* FloatplaneApp-OperationsTests.xctest */,
			);
			name = Products;
			sourceTree = "<group>";
		};
		5E389B2C29D8B29800FC8B4B /* FloatplaneApp-Operations */ = {
			isa = PBXGroup;
			children = (
				5E08F49129E13151003C3694 /* Coding */,
				5E1FD74E29DD492C0015AE6F /* Strategies */,
				5E1FD74C29DD48FE0015AE6F /* Images */,
				5E08F48F29E12FBC003C3694 /* AppCleaner.swift */,
				5E1FD73629DC89550015AE6F /* Operation.swift */,
				5E1FD73A29DCFEAE0015AE6F /* StrategyBasedOperation.swift */,
				5E1FD73829DCFDDE0015AE6F /* OperationStrategy.swift */,
				5E1FD73C29DCFFB10015AE6F /* CacheableStrategyBasedOperation.swift */,
				5E389B6029D8B34B00FC8B4B /* OperationManager.swift */,
				5E389C4C29D8BE0D00FC8B4B /* OperationConstants.swift */,
				5E389B2E29D8B29800FC8B4B /* FloatplaneApp_Operations.docc */,
			);
			path = "FloatplaneApp-Operations";
			sourceTree = "<group>";
		};
		5E389B3829D8B29900FC8B4B /* FloatplaneApp-OperationsTests */ = {
			isa = PBXGroup;
			children = (
				5E1FD73329DB3B910015AE6F /* Mocks */,
				5E56E74D29E148F10098B302 /* Coding */,
				5E08F48A29E0978D003C3694 /* Strategies */,
				5E08F48729E09662003C3694 /* Images */,
				5E08F49229E13282003C3694 /* AppCleanerTest.swift */,
				5E56E74129E1386F0098B302 /* StrategyBasedOperationTest.swift */,
				5E56E74329E13AEC0098B302 /* CacheableStrategyBasedOperationTest.swift */,
				5E08F48829E09677003C3694 /* OperationManagerTest.swift */,
			);
			path = "FloatplaneApp-OperationsTests";
			sourceTree = "<group>";
		};
		5E389B9829D8B55400FC8B4B /* Frameworks */ = {
			isa = PBXGroup;
			children = (
				5E56E74929E142960098B302 /* FloatplaneApp_DataStores.framework */,
				5E1FD6FC29DA8FEC0015AE6F /* FloatplaneApp_DataStores.framework */,
				5E1FD6FA29DA8FDB0015AE6F /* FloatplaneApp_DataStores.framework */,
				5EFD929829D90D2F007E8374 /* AVKit.framework */,
				5EFD928629D8C8BA007E8374 /* FloatplaneApp_Utilities.framework */,
				5EFD927F29D8C766007E8374 /* FloatplaneApp_Models.framework */,
				5E389B9929D8B55400FC8B4B /* FloatplaneApp_Models.framework */,
			);
			name = Frameworks;
			sourceTree = "<group>";
		};
		5E51557229EE781D009B68EA /* scripts */ = {
			isa = PBXGroup;
			children = (
				5E51557929EE7821009B68EA /* README.md */,
				5E51557329EE781D009B68EA /* swiftformat.sh */,
				5E51557429EE781D009B68EA /* xcodebuilds.sh */,
				5E51557B29EE782E009B68EA /* codecoverage.yml */,
				5E51557529EE781D009B68EA /* build.sh */,
			);
			path = scripts;
			sourceTree = "<group>";
		};
		5E56E74D29E148F10098B302 /* Coding */ = {
			isa = PBXGroup;
			children = (
				5E56E74E29E148FF0098B302 /* FloatplaneDecoderTest.swift */,
				5E56E75029E14A360098B302 /* FloatplaneEncoderTest.swift */,
			);
			path = Coding;
			sourceTree = "<group>";
		};
/* End PBXGroup section */

/* Begin PBXHeadersBuildPhase section */
		5E389B2529D8B29800FC8B4B /* Headers */ = {
			isa = PBXHeadersBuildPhase;
			buildActionMask = 2147483647;
			files = (
			);
			runOnlyForDeploymentPostprocessing = 0;
		};
/* End PBXHeadersBuildPhase section */

/* Begin PBXNativeTarget section */
		5E389B2929D8B29800FC8B4B /* FloatplaneApp-Operations */ = {
			isa = PBXNativeTarget;
			buildConfigurationList = 5E389B3E29D8B29900FC8B4B /* Build configuration list for PBXNativeTarget "FloatplaneApp-Operations" */;
			buildPhases = (
				5E389B2529D8B29800FC8B4B /* Headers */,
				5E389B2629D8B29800FC8B4B /* Sources */,
				5E389B2729D8B29800FC8B4B /* Frameworks */,
				5E389B2829D8B29800FC8B4B /* Resources */,
			);
			buildRules = (
			);
			dependencies = (
			);
			name = "FloatplaneApp-Operations";
			packageProductDependencies = (
				5E389B8E29D8B42600FC8B4B /* Alamofire */,
				5E389B9429D8B45700FC8B4B /* AlamofireImage */,
				5E389C4429D8BA1D00FC8B4B /* Cache */,
				5E51553629EE70D8009B68EA /* FloatplaneApp-Utilities */,
				5E51553929EE70E2009B68EA /* FloatplaneApp-Models */,
				5E51553C29EE70EE009B68EA /* FloatplaneApp-DataStores */,
			);
			productName = "FloatplaneApp-Operations";
			productReference = 5E389B2A29D8B29800FC8B4B /* FloatplaneApp_Operations.framework */;
			productType = "com.apple.product-type.framework";
		};
		5E389B3329D8B29900FC8B4B /* FloatplaneApp-OperationsTests */ = {
			isa = PBXNativeTarget;
			buildConfigurationList = 5E389B4129D8B29900FC8B4B /* Build configuration list for PBXNativeTarget "FloatplaneApp-OperationsTests" */;
			buildPhases = (
				5E389B3029D8B29900FC8B4B /* Sources */,
				5E389B3129D8B29900FC8B4B /* Frameworks */,
				5E389B3229D8B29900FC8B4B /* Resources */,
			);
			buildRules = (
			);
			dependencies = (
				5E389B3729D8B29900FC8B4B /* PBXTargetDependency */,
			);
			name = "FloatplaneApp-OperationsTests";
			packageProductDependencies = (
				5E3FC09529DE940500A5E16B /* Mocker */,
				5E56E74B29E142C90098B302 /* Cache */,
			);
			productName = "FloatplaneApp-OperationsTests";
			productReference = 5E389B3429D8B29900FC8B4B /* FloatplaneApp-OperationsTests.xctest */;
			productType = "com.apple.product-type.bundle.unit-test";
		};
/* End PBXNativeTarget section */

/* Begin PBXProject section */
		5E389B2129D8B29800FC8B4B /* Project object */ = {
			isa = PBXProject;
			attributes = {
				BuildIndependentTargetsInParallel = 1;
				LastSwiftUpdateCheck = 1420;
				LastUpgradeCheck = 1430;
				TargetAttributes = {
					5E389B2929D8B29800FC8B4B = {
						CreatedOnToolsVersion = 14.2;
					};
					5E389B3329D8B29900FC8B4B = {
						CreatedOnToolsVersion = 14.2;
						LastSwiftMigration = 1420;
					};
				};
			};
			buildConfigurationList = 5E389B2429D8B29800FC8B4B /* Build configuration list for PBXProject "FloatplaneApp-Operations" */;
			compatibilityVersion = "Xcode 14.0";
			developmentRegion = en;
			hasScannedForEncodings = 0;
			knownRegions = (
				en,
				Base,
			);
			mainGroup = 5E389B2029D8B29800FC8B4B;
			packageReferences = (
				5E389B8D29D8B42600FC8B4B /* XCRemoteSwiftPackageReference "Alamofire" */,
				5E389B9329D8B45600FC8B4B /* XCRemoteSwiftPackageReference "AlamofireImage" */,
				5E389C4329D8BA1D00FC8B4B /* XCRemoteSwiftPackageReference "Cache" */,
				5E3FC09229DE93F600A5E16B /* XCRemoteSwiftPackageReference "Mocker" */,
				5E51553529EE70D8009B68EA /* XCRemoteSwiftPackageReference "FloatplaneApp-Utilities" */,
				5E51553829EE70E2009B68EA /* XCRemoteSwiftPackageReference "FloatplaneApp-Models" */,
				5E51553B29EE70EE009B68EA /* XCRemoteSwiftPackageReference "FloatplaneApp-DataStores" */,
			);
			productRefGroup = 5E389B2B29D8B29800FC8B4B /* Products */;
			projectDirPath = "";
			projectRoot = "";
			targets = (
				5E389B2929D8B29800FC8B4B /* FloatplaneApp-Operations */,
				5E389B3329D8B29900FC8B4B /* FloatplaneApp-OperationsTests */,
			);
		};
/* End PBXProject section */

/* Begin PBXResourcesBuildPhase section */
		5E389B2829D8B29800FC8B4B /* Resources */ = {
			isa = PBXResourcesBuildPhase;
			buildActionMask = 2147483647;
			files = (
				5E51557729EE781D009B68EA /* xcodebuilds.sh in Resources */,
				5E51557829EE781D009B68EA /* build.sh in Resources */,
				5E51557A29EE7821009B68EA /* README.md in Resources */,
				5E389BFE29D8B63B00FC8B4B /* FloatplaneApp_Operations.docc in Resources */,
				5E51557629EE781D009B68EA /* swiftformat.sh in Resources */,
				5E51557C29EE782E009B68EA /* codecoverage.yml in Resources */,
			);
			runOnlyForDeploymentPostprocessing = 0;
		};
		5E389B3229D8B29900FC8B4B /* Resources */ = {
			isa = PBXResourcesBuildPhase;
			buildActionMask = 2147483647;
			files = (
			);
			runOnlyForDeploymentPostprocessing = 0;
		};
/* End PBXResourcesBuildPhase section */

/* Begin PBXSourcesBuildPhase section */
		5E389B2629D8B29800FC8B4B /* Sources */ = {
			isa = PBXSourcesBuildPhase;
			buildActionMask = 2147483647;
			files = (
				5E389B7D29D8B34B00FC8B4B /* ContentFeedOperationStrategy.swift in Sources */,
				5E1FD73D29DCFFB10015AE6F /* CacheableStrategyBasedOperation.swift in Sources */,
				5E08F49029E12FBC003C3694 /* AppCleaner.swift in Sources */,
				5E389C4D29D8BE0D00FC8B4B /* OperationConstants.swift in Sources */,
				5E1FD77529DE914B0015AE6F /* SessionFactory.swift in Sources */,
				5E389B7029D8B34B00FC8B4B /* CreatorOperationStrategy.swift in Sources */,
				5E389B7929D8B34B00FC8B4B /* SearchOperationStrategy.swift in Sources */,
				5E389B7529D8B34B00FC8B4B /* CreatorListOperationStrategy.swift in Sources */,
				5E4CE96929DA0B7F0029110E /* GetFirstPageOperation.swift in Sources */,
				5E389B7329D8B34B00FC8B4B /* VideoMetadataOperation.swift in Sources */,
				5E389B7429D8B34B00FC8B4B /* ContentVideoOperationStrategy.swift in Sources */,
				5E1FD73729DC89550015AE6F /* Operation.swift in Sources */,
				5E389B7E29D8B34B00FC8B4B /* LoginOperationStrategy.swift in Sources */,
				5E389B7229D8B34B00FC8B4B /* LiveDeliveryKeyOperationStrategy.swift in Sources */,
				5E1FD70129DA904E0015AE6F /* ImageCacheConfig.swift in Sources */,
				5E389B7129D8B34B00FC8B4B /* VodDeliveryKeyOperationStrategy.swift in Sources */,
				5E389B9229D8B43A00FC8B4B /* ImageGrabber.swift in Sources */,
				5E389B7629D8B34B00FC8B4B /* OperationManager.swift in Sources */,
				5E389B7F29D8B34B00FC8B4B /* LogoutOperationStrategy.swift in Sources */,
				5E389B7829D8B34B00FC8B4B /* SubscriptionOperationStrategy.swift in Sources */,
				5E08F46329DE9EA4003C3694 /* FloatplaneEncoder.swift in Sources */,
				5E1FD73B29DCFEAE0015AE6F /* StrategyBasedOperation.swift in Sources */,
				5E1FD73929DCFDDE0015AE6F /* OperationStrategy.swift in Sources */,
				5E389C5129D8C01D00FC8B4B /* FloatplaneDecoder.swift in Sources */,
			);
			runOnlyForDeploymentPostprocessing = 0;
		};
		5E389B3029D8B29900FC8B4B /* Sources */ = {
			isa = PBXSourcesBuildPhase;
			buildActionMask = 2147483647;
			files = (
				5E08F45F29DE9AFC003C3694 /* ContentVideoOperationStrategyTest.swift in Sources */,
				5E08F48929E09677003C3694 /* OperationManagerTest.swift in Sources */,
				5E08F47A29E07D70003C3694 /* LoginOperationStrategyTest.swift in Sources */,
				5E1FD75C29DDD6C50015AE6F /* MockCacheableStrategyBasedOperation.swift in Sources */,
				5E08F48029E09119003C3694 /* MockOperationManager.swift in Sources */,
				5E08F46C29E06F04003C3694 /* VodDeliveryKeyOperationStrategyTest.swift in Sources */,
				5E08F47C29E08BDD003C3694 /* LogoutOperationStrategyTest.swift in Sources */,
				5E56E74429E13AEC0098B302 /* CacheableStrategyBasedOperationTest.swift in Sources */,
				5E08F48429E0936C003C3694 /* MockGetFirstPageOperation.swift in Sources */,
				5E08F49329E13282003C3694 /* AppCleanerTest.swift in Sources */,
				5E08F47E29E08E7C003C3694 /* MockUserStore.swift in Sources */,
				5E1FD72029DB35AD0015AE6F /* ImageCacheConfigTest.swift in Sources */,
				5E56E75129E14A360098B302 /* FloatplaneEncoderTest.swift in Sources */,
				5E56E74F29E148FF0098B302 /* FloatplaneDecoderTest.swift in Sources */,
				5E1FD75729DDD4190015AE6F /* MockInternalOperationStrategy.swift in Sources */,
				5E08F48E29E097E9003C3694 /* MockStrategyBasedOperation.swift in Sources */,
				5E08F46929DEABA2003C3694 /* ContentFeedOperationStrategyTest.swift in Sources */,
				5E08F47829E07CF3003C3694 /* LiveDeliveryKeyOperationStrategyTest.swift in Sources */,
				5E1FD73029DB38390015AE6F /* ImageGrabberTest.swift in Sources */,
				5E1FD76329DE85160015AE6F /* VideoMetadataOperationStrategyTest.swift in Sources */,
				5E08F45D29DE9737003C3694 /* OperationStrategyTestBase.swift in Sources */,
				5E08F46529DE9F7D003C3694 /* SubscriptionOperationStrategyTest.swift in Sources */,
				5E56E74229E1386F0098B302 /* StrategyBasedOperationTest.swift in Sources */,
				5E08F46729DEA360003C3694 /* SearchOperationStrategyTest.swift in Sources */,
				5E08F48229E092C1003C3694 /* MockVideoOperation.swift in Sources */,
				5E56E74629E140470098B302 /* MockDiskStorageWrapper.swift in Sources */,
				5E1FD77229DE902D0015AE6F /* CreatorOperationStrategyTest.swift in Sources */,
				5E1FD75A29DDD6780015AE6F /* GetFirstPageOperationTest.swift in Sources */,
				5E08F46129DE9C11003C3694 /* CreatorListOperationStrategyTest.swift in Sources */,
				5E1FD75E29DDD8E30015AE6F /* TestModelSupplier.swift in Sources */,
				5E08F48629E0952E003C3694 /* MockURLCache.swift in Sources */,
			);
			runOnlyForDeploymentPostprocessing = 0;
		};
/* End PBXSourcesBuildPhase section */

/* Begin PBXTargetDependency section */
		5E389B3729D8B29900FC8B4B /* PBXTargetDependency */ = {
			isa = PBXTargetDependency;
			target = 5E389B2929D8B29800FC8B4B /* FloatplaneApp-Operations */;
			targetProxy = 5E389B3629D8B29900FC8B4B /* PBXContainerItemProxy */;
		};
/* End PBXTargetDependency section */

/* Begin XCBuildConfiguration section */
		5E389B3C29D8B29900FC8B4B /* Debug */ = {
			isa = XCBuildConfiguration;
			buildSettings = {
				ALWAYS_SEARCH_USER_PATHS = NO;
				CLANG_ANALYZER_NONNULL = YES;
				CLANG_ANALYZER_NUMBER_OBJECT_CONVERSION = YES_AGGRESSIVE;
				CLANG_CXX_LANGUAGE_STANDARD = "gnu++20";
				CLANG_ENABLE_MODULES = YES;
				CLANG_ENABLE_OBJC_ARC = YES;
				CLANG_ENABLE_OBJC_WEAK = YES;
				CLANG_WARN_BLOCK_CAPTURE_AUTORELEASING = YES;
				CLANG_WARN_BOOL_CONVERSION = YES;
				CLANG_WARN_COMMA = YES;
				CLANG_WARN_CONSTANT_CONVERSION = YES;
				CLANG_WARN_DEPRECATED_OBJC_IMPLEMENTATIONS = YES;
				CLANG_WARN_DIRECT_OBJC_ISA_USAGE = YES_ERROR;
				CLANG_WARN_DOCUMENTATION_COMMENTS = YES;
				CLANG_WARN_EMPTY_BODY = YES;
				CLANG_WARN_ENUM_CONVERSION = YES;
				CLANG_WARN_INFINITE_RECURSION = YES;
				CLANG_WARN_INT_CONVERSION = YES;
				CLANG_WARN_NON_LITERAL_NULL_CONVERSION = YES;
				CLANG_WARN_OBJC_IMPLICIT_RETAIN_SELF = YES;
				CLANG_WARN_OBJC_LITERAL_CONVERSION = YES;
				CLANG_WARN_OBJC_ROOT_CLASS = YES_ERROR;
				CLANG_WARN_QUOTED_INCLUDE_IN_FRAMEWORK_HEADER = YES;
				CLANG_WARN_RANGE_LOOP_ANALYSIS = YES;
				CLANG_WARN_STRICT_PROTOTYPES = YES;
				CLANG_WARN_SUSPICIOUS_MOVE = YES;
				CLANG_WARN_UNGUARDED_AVAILABILITY = YES_AGGRESSIVE;
				CLANG_WARN_UNREACHABLE_CODE = YES;
				CLANG_WARN__DUPLICATE_METHOD_MATCH = YES;
				COPY_PHASE_STRIP = NO;
				CURRENT_PROJECT_VERSION = 1;
				DEAD_CODE_STRIPPING = YES;
				DEBUG_INFORMATION_FORMAT = dwarf;
				ENABLE_STRICT_OBJC_MSGSEND = YES;
				ENABLE_TESTABILITY = YES;
				GCC_C_LANGUAGE_STANDARD = gnu11;
				GCC_DYNAMIC_NO_PIC = NO;
				GCC_NO_COMMON_BLOCKS = YES;
				GCC_OPTIMIZATION_LEVEL = 0;
				GCC_PREPROCESSOR_DEFINITIONS = (
					"DEBUG=1",
					"$(inherited)",
				);
				GCC_WARN_64_TO_32_BIT_CONVERSION = YES;
				GCC_WARN_ABOUT_RETURN_TYPE = YES_ERROR;
				GCC_WARN_UNDECLARED_SELECTOR = YES;
				GCC_WARN_UNINITIALIZED_AUTOS = YES_AGGRESSIVE;
				GCC_WARN_UNUSED_FUNCTION = YES;
				GCC_WARN_UNUSED_VARIABLE = YES;
				MTL_ENABLE_DEBUG_INFO = INCLUDE_SOURCE;
				MTL_FAST_MATH = YES;
				ONLY_ACTIVE_ARCH = YES;
				SWIFT_ACTIVE_COMPILATION_CONDITIONS = DEBUG;
				SWIFT_OPTIMIZATION_LEVEL = "-Onone";
				TVOS_DEPLOYMENT_TARGET = 16.0;
				VERSIONING_SYSTEM = "apple-generic";
				VERSION_INFO_PREFIX = "";
			};
			name = Debug;
		};
		5E389B3D29D8B29900FC8B4B /* Release */ = {
			isa = XCBuildConfiguration;
			buildSettings = {
				ALWAYS_SEARCH_USER_PATHS = NO;
				CLANG_ANALYZER_NONNULL = YES;
				CLANG_ANALYZER_NUMBER_OBJECT_CONVERSION = YES_AGGRESSIVE;
				CLANG_CXX_LANGUAGE_STANDARD = "gnu++20";
				CLANG_ENABLE_MODULES = YES;
				CLANG_ENABLE_OBJC_ARC = YES;
				CLANG_ENABLE_OBJC_WEAK = YES;
				CLANG_WARN_BLOCK_CAPTURE_AUTORELEASING = YES;
				CLANG_WARN_BOOL_CONVERSION = YES;
				CLANG_WARN_COMMA = YES;
				CLANG_WARN_CONSTANT_CONVERSION = YES;
				CLANG_WARN_DEPRECATED_OBJC_IMPLEMENTATIONS = YES;
				CLANG_WARN_DIRECT_OBJC_ISA_USAGE = YES_ERROR;
				CLANG_WARN_DOCUMENTATION_COMMENTS = YES;
				CLANG_WARN_EMPTY_BODY = YES;
				CLANG_WARN_ENUM_CONVERSION = YES;
				CLANG_WARN_INFINITE_RECURSION = YES;
				CLANG_WARN_INT_CONVERSION = YES;
				CLANG_WARN_NON_LITERAL_NULL_CONVERSION = YES;
				CLANG_WARN_OBJC_IMPLICIT_RETAIN_SELF = YES;
				CLANG_WARN_OBJC_LITERAL_CONVERSION = YES;
				CLANG_WARN_OBJC_ROOT_CLASS = YES_ERROR;
				CLANG_WARN_QUOTED_INCLUDE_IN_FRAMEWORK_HEADER = YES;
				CLANG_WARN_RANGE_LOOP_ANALYSIS = YES;
				CLANG_WARN_STRICT_PROTOTYPES = YES;
				CLANG_WARN_SUSPICIOUS_MOVE = YES;
				CLANG_WARN_UNGUARDED_AVAILABILITY = YES_AGGRESSIVE;
				CLANG_WARN_UNREACHABLE_CODE = YES;
				CLANG_WARN__DUPLICATE_METHOD_MATCH = YES;
				COPY_PHASE_STRIP = NO;
				CURRENT_PROJECT_VERSION = 1;
				DEAD_CODE_STRIPPING = YES;
				DEBUG_INFORMATION_FORMAT = "dwarf-with-dsym";
				ENABLE_NS_ASSERTIONS = NO;
				ENABLE_STRICT_OBJC_MSGSEND = YES;
				GCC_C_LANGUAGE_STANDARD = gnu11;
				GCC_NO_COMMON_BLOCKS = YES;
				GCC_WARN_64_TO_32_BIT_CONVERSION = YES;
				GCC_WARN_ABOUT_RETURN_TYPE = YES_ERROR;
				GCC_WARN_UNDECLARED_SELECTOR = YES;
				GCC_WARN_UNINITIALIZED_AUTOS = YES_AGGRESSIVE;
				GCC_WARN_UNUSED_FUNCTION = YES;
				GCC_WARN_UNUSED_VARIABLE = YES;
				MTL_ENABLE_DEBUG_INFO = NO;
				MTL_FAST_MATH = YES;
				SWIFT_COMPILATION_MODE = wholemodule;
				SWIFT_OPTIMIZATION_LEVEL = "-O";
				TVOS_DEPLOYMENT_TARGET = 16.0;
				VERSIONING_SYSTEM = "apple-generic";
				VERSION_INFO_PREFIX = "";
			};
			name = Release;
		};
		5E389B3F29D8B29900FC8B4B /* Debug */ = {
			isa = XCBuildConfiguration;
			buildSettings = {
				CODE_SIGN_STYLE = Automatic;
				CURRENT_PROJECT_VERSION = 1;
				DEAD_CODE_STRIPPING = YES;
				DEFINES_MODULE = YES;
				DYLIB_COMPATIBILITY_VERSION = 1;
				DYLIB_CURRENT_VERSION = 1;
				DYLIB_INSTALL_NAME_BASE = "@rpath";
				ENABLE_MODULE_VERIFIER = YES;
				GENERATE_INFOPLIST_FILE = YES;
				INFOPLIST_KEY_NSHumanReadableCopyright = "";
				INSTALL_PATH = "$(LOCAL_LIBRARY_DIR)/Frameworks";
				IPHONEOS_DEPLOYMENT_TARGET = 16.2;
				LD_RUNPATH_SEARCH_PATHS = (
					"@executable_path/Frameworks",
					"@loader_path/Frameworks",
				);
				"LD_RUNPATH_SEARCH_PATHS[sdk=macosx*]" = (
					"@executable_path/../Frameworks",
					"@loader_path/Frameworks",
				);
				MACOSX_DEPLOYMENT_TARGET = 13.1;
				MARKETING_VERSION = 1.0;
				MODULE_VERIFIER_SUPPORTED_LANGUAGES = "objective-c objective-c++";
				MODULE_VERIFIER_SUPPORTED_LANGUAGE_STANDARDS = "gnu11 gnu++20";
				PRODUCT_BUNDLE_IDENTIFIER = "org.georgie.FloatplaneApp-Operations";
				PRODUCT_NAME = "$(TARGET_NAME:c99extidentifier)";
				SDKROOT = auto;
				SKIP_INSTALL = YES;
				SUPPORTED_PLATFORMS = "appletvos appletvsimulator iphoneos iphonesimulator macosx";
				SUPPORTS_MACCATALYST = NO;
				SUPPORTS_MAC_DESIGNED_FOR_IPHONE_IPAD = NO;
				SWIFT_EMIT_LOC_STRINGS = YES;
				SWIFT_VERSION = 5.0;
				TARGETED_DEVICE_FAMILY = "1,2,3";
			};
			name = Debug;
		};
		5E389B4029D8B29900FC8B4B /* Release */ = {
			isa = XCBuildConfiguration;
			buildSettings = {
				CODE_SIGN_STYLE = Automatic;
				CURRENT_PROJECT_VERSION = 1;
				DEAD_CODE_STRIPPING = YES;
				DEFINES_MODULE = YES;
				DYLIB_COMPATIBILITY_VERSION = 1;
				DYLIB_CURRENT_VERSION = 1;
				DYLIB_INSTALL_NAME_BASE = "@rpath";
				ENABLE_MODULE_VERIFIER = YES;
				GENERATE_INFOPLIST_FILE = YES;
				INFOPLIST_KEY_NSHumanReadableCopyright = "";
				INSTALL_PATH = "$(LOCAL_LIBRARY_DIR)/Frameworks";
				IPHONEOS_DEPLOYMENT_TARGET = 16.2;
				LD_RUNPATH_SEARCH_PATHS = (
					"@executable_path/Frameworks",
					"@loader_path/Frameworks",
				);
				"LD_RUNPATH_SEARCH_PATHS[sdk=macosx*]" = (
					"@executable_path/../Frameworks",
					"@loader_path/Frameworks",
				);
				MACOSX_DEPLOYMENT_TARGET = 13.1;
				MARKETING_VERSION = 1.0;
				MODULE_VERIFIER_SUPPORTED_LANGUAGES = "objective-c objective-c++";
				MODULE_VERIFIER_SUPPORTED_LANGUAGE_STANDARDS = "gnu11 gnu++20";
				PRODUCT_BUNDLE_IDENTIFIER = "org.georgie.FloatplaneApp-Operations";
				PRODUCT_NAME = "$(TARGET_NAME:c99extidentifier)";
				SDKROOT = auto;
				SKIP_INSTALL = YES;
				SUPPORTED_PLATFORMS = "appletvos appletvsimulator iphoneos iphonesimulator macosx";
				SUPPORTS_MACCATALYST = NO;
				SUPPORTS_MAC_DESIGNED_FOR_IPHONE_IPAD = NO;
				SWIFT_EMIT_LOC_STRINGS = YES;
				SWIFT_VERSION = 5.0;
				TARGETED_DEVICE_FAMILY = "1,2,3";
			};
			name = Release;
		};
		5E389B4229D8B29900FC8B4B /* Debug */ = {
			isa = XCBuildConfiguration;
			buildSettings = {
				ALWAYS_EMBED_SWIFT_STANDARD_LIBRARIES = YES;
				CLANG_ENABLE_MODULES = YES;
				CODE_SIGN_STYLE = Automatic;
				CURRENT_PROJECT_VERSION = 1;
				DEAD_CODE_STRIPPING = YES;
				GENERATE_INFOPLIST_FILE = YES;
				IPHONEOS_DEPLOYMENT_TARGET = 16.2;
				LD_RUNPATH_SEARCH_PATHS = (
					"$(inherited)",
					"@executable_path/Frameworks",
					"@loader_path/Frameworks",
				);
				MACOSX_DEPLOYMENT_TARGET = 13.1;
				MARKETING_VERSION = 1.0;
				PRODUCT_BUNDLE_IDENTIFIER = "org.georgie.FloatplaneApp-OperationsTests";
				PRODUCT_NAME = "$(TARGET_NAME)";
				SDKROOT = auto;
				SUPPORTED_PLATFORMS = "appletvos appletvsimulator iphoneos iphonesimulator macosx";
				SUPPORTS_MACCATALYST = NO;
				SUPPORTS_MAC_DESIGNED_FOR_IPHONE_IPAD = NO;
				SWIFT_EMIT_LOC_STRINGS = NO;
				SWIFT_OPTIMIZATION_LEVEL = "-Onone";
				SWIFT_VERSION = 5.0;
				TARGETED_DEVICE_FAMILY = "1,2,3";
			};
			name = Debug;
		};
		5E389B4329D8B29900FC8B4B /* Release */ = {
			isa = XCBuildConfiguration;
			buildSettings = {
				ALWAYS_EMBED_SWIFT_STANDARD_LIBRARIES = YES;
				CLANG_ENABLE_MODULES = YES;
				CODE_SIGN_STYLE = Automatic;
				CURRENT_PROJECT_VERSION = 1;
				DEAD_CODE_STRIPPING = YES;
				GENERATE_INFOPLIST_FILE = YES;
				IPHONEOS_DEPLOYMENT_TARGET = 16.2;
				LD_RUNPATH_SEARCH_PATHS = (
					"$(inherited)",
					"@executable_path/Frameworks",
					"@loader_path/Frameworks",
				);
				MACOSX_DEPLOYMENT_TARGET = 13.1;
				MARKETING_VERSION = 1.0;
				PRODUCT_BUNDLE_IDENTIFIER = "org.georgie.FloatplaneApp-OperationsTests";
				PRODUCT_NAME = "$(TARGET_NAME)";
				SDKROOT = auto;
				SUPPORTED_PLATFORMS = "appletvos appletvsimulator iphoneos iphonesimulator macosx";
				SUPPORTS_MACCATALYST = NO;
				SUPPORTS_MAC_DESIGNED_FOR_IPHONE_IPAD = NO;
				SWIFT_EMIT_LOC_STRINGS = NO;
				SWIFT_VERSION = 5.0;
				TARGETED_DEVICE_FAMILY = "1,2,3";
			};
			name = Release;
		};
/* End XCBuildConfiguration section */

/* Begin XCConfigurationList section */
		5E389B2429D8B29800FC8B4B /* Build configuration list for PBXProject "FloatplaneApp-Operations" */ = {
			isa = XCConfigurationList;
			buildConfigurations = (
				5E389B3C29D8B29900FC8B4B /* Debug */,
				5E389B3D29D8B29900FC8B4B /* Release */,
			);
			defaultConfigurationIsVisible = 0;
			defaultConfigurationName = Release;
		};
		5E389B3E29D8B29900FC8B4B /* Build configuration list for PBXNativeTarget "FloatplaneApp-Operations" */ = {
			isa = XCConfigurationList;
			buildConfigurations = (
				5E389B3F29D8B29900FC8B4B /* Debug */,
				5E389B4029D8B29900FC8B4B /* Release */,
			);
			defaultConfigurationIsVisible = 0;
			defaultConfigurationName = Release;
		};
		5E389B4129D8B29900FC8B4B /* Build configuration list for PBXNativeTarget "FloatplaneApp-OperationsTests" */ = {
			isa = XCConfigurationList;
			buildConfigurations = (
				5E389B4229D8B29900FC8B4B /* Debug */,
				5E389B4329D8B29900FC8B4B /* Release */,
			);
			defaultConfigurationIsVisible = 0;
			defaultConfigurationName = Release;
		};
/* End XCConfigurationList section */

/* Begin XCRemoteSwiftPackageReference section */
		5E389B8D29D8B42600FC8B4B /* XCRemoteSwiftPackageReference "Alamofire" */ = {
			isa = XCRemoteSwiftPackageReference;
			repositoryURL = "https://github.com/Alamofire/Alamofire.git";
			requirement = {
				kind = upToNextMajorVersion;
				minimumVersion = 5.0.0;
			};
		};
		5E389B9329D8B45600FC8B4B /* XCRemoteSwiftPackageReference "AlamofireImage" */ = {
			isa = XCRemoteSwiftPackageReference;
			repositoryURL = "https://github.com/Alamofire/AlamofireImage.git";
			requirement = {
				branch = master;
				kind = branch;
			};
		};
		5E389C4329D8BA1D00FC8B4B /* XCRemoteSwiftPackageReference "Cache" */ = {
			isa = XCRemoteSwiftPackageReference;
			repositoryURL = "https://github.com/hyperoslo/Cache.git";
			requirement = {
				kind = upToNextMajorVersion;
				minimumVersion = 6.0.0;
			};
		};
		5E3FC09229DE93F600A5E16B /* XCRemoteSwiftPackageReference "Mocker" */ = {
			isa = XCRemoteSwiftPackageReference;
			repositoryURL = "https://github.com/WeTransfer/Mocker.git";
			requirement = {
				kind = upToNextMajorVersion;
				minimumVersion = 3.0.0;
			};
		};
		5E51553529EE70D8009B68EA /* XCRemoteSwiftPackageReference "FloatplaneApp-Utilities" */ = {
			isa = XCRemoteSwiftPackageReference;
			repositoryURL = "https://github.com/curiousurick/FloatplaneApp-Utilities.git";
			requirement = {
				branch = main;
				kind = branch;
			};
		};
		5E51553829EE70E2009B68EA /* XCRemoteSwiftPackageReference "FloatplaneApp-Models" */ = {
			isa = XCRemoteSwiftPackageReference;
			repositoryURL = "https://github.com/curiousurick/FloatplaneApp-Models.git";
			requirement = {
				branch = main;
				kind = branch;
			};
		};
		5E51553B29EE70EE009B68EA /* XCRemoteSwiftPackageReference "FloatplaneApp-DataStores" */ = {
			isa = XCRemoteSwiftPackageReference;
			repositoryURL = "https://github.com/curiousurick/FloatplaneApp-DataStores.git";
			requirement = {
				branch = main;
				kind = branch;
			};
		};
/* End XCRemoteSwiftPackageReference section */

/* Begin XCSwiftPackageProductDependency section */
		5E389B8E29D8B42600FC8B4B /* Alamofire */ = {
			isa = XCSwiftPackageProductDependency;
			package = 5E389B8D29D8B42600FC8B4B /* XCRemoteSwiftPackageReference "Alamofire" */;
			productName = Alamofire;
		};
		5E389B9429D8B45700FC8B4B /* AlamofireImage */ = {
			isa = XCSwiftPackageProductDependency;
			package = 5E389B9329D8B45600FC8B4B /* XCRemoteSwiftPackageReference "AlamofireImage" */;
			productName = AlamofireImage;
		};
		5E389C4429D8BA1D00FC8B4B /* Cache */ = {
			isa = XCSwiftPackageProductDependency;
			package = 5E389C4329D8BA1D00FC8B4B /* XCRemoteSwiftPackageReference "Cache" */;
			productName = Cache;
		};
		5E3FC09529DE940500A5E16B /* Mocker */ = {
			isa = XCSwiftPackageProductDependency;
			package = 5E3FC09229DE93F600A5E16B /* XCRemoteSwiftPackageReference "Mocker" */;
			productName = Mocker;
		};
		5E51553629EE70D8009B68EA /* FloatplaneApp-Utilities */ = {
			isa = XCSwiftPackageProductDependency;
			package = 5E51553529EE70D8009B68EA /* XCRemoteSwiftPackageReference "FloatplaneApp-Utilities" */;
			productName = "FloatplaneApp-Utilities";
		};
		5E51553929EE70E2009B68EA /* FloatplaneApp-Models */ = {
			isa = XCSwiftPackageProductDependency;
			package = 5E51553829EE70E2009B68EA /* XCRemoteSwiftPackageReference "FloatplaneApp-Models" */;
			productName = "FloatplaneApp-Models";
		};
		5E51553C29EE70EE009B68EA /* FloatplaneApp-DataStores */ = {
			isa = XCSwiftPackageProductDependency;
			package = 5E51553B29EE70EE009B68EA /* XCRemoteSwiftPackageReference "FloatplaneApp-DataStores" */;
			productName = "FloatplaneApp-DataStores";
		};
		5E56E74B29E142C90098B302 /* Cache */ = {
			isa = XCSwiftPackageProductDependency;
			package = 5E389C4329D8BA1D00FC8B4B /* XCRemoteSwiftPackageReference "Cache" */;
			productName = Cache;
		};
/* End XCSwiftPackageProductDependency section */
	};
	rootObject = 5E389B2129D8B29800FC8B4B /* Project object */;
}
